
Microsoft Visual Studio Solution File, Format Version 12.00
# Visual Studio 15
VisualStudioVersion = 15.0.28307.572
MinimumVisualStudioVersion = 10.0.40219.1
Project("{9A19103F-16F7-4668-BE54-9A1E7A4F7556}") = "Garden Center", "Garden Center\Garden Center.csproj", "{ECAED777-B7FF-446C-823E-9258B17B77F3}"
EndProject
Global
	GlobalSection(SolutionConfigurationPlatforms) = preSolution
		Debug|Any CPU = Debug|Any CPU
		Release|Any CPU = Release|Any CPU
	EndGlobalSection
	GlobalSection(ProjectConfigurationPlatforms) = postSolution
		{ECAED777-B7FF-446C-823E-9258B17B77F3}.Debug|Any CPU.ActiveCfg = Debug|Any CPU
		{ECAED777-B7FF-446C-823E-9258B17B77F3}.Debug|Any CPU.Build.0 = Debug|Any CPU
		{ECAED777-B7FF-446C-823E-9258B17B77F3}.Release|Any CPU.ActiveCfg = Release|Any CPU
		{ECAED777-B7FF-446C-823E-9258B17B77F3}.Release|Any CPU.Build.0 = Release|Any CPU
	EndGlobalSection
	GlobalSection(SolutionProperties) = preSolution
		HideSolutionNode = FALSE
	EndGlobalSection
	GlobalSection(ExtensibilityGlobals) = postSolution
		SolutionGuid = {6DC62C6B-4071-4C8C-AEE4-3ECBEF606019}
	EndGlobalSection
EndGlobal
